
Microsoft Visual Studio Solution File, Format Version 12.00
# Visual Studio Version 16
VisualStudioVersion = 16.0.31702.278
MinimumVisualStudioVersion = 10.0.40219.1
Project("{FAE04EC0-301F-11D3-BF4B-00C04F79EFBC}") = "Занятие 22", "Занятие 22\Занятие 22.csproj", "{685C06FA-0527-4388-A5B3-47098A8473DD}"
EndProject
Global
	GlobalSection(SolutionConfigurationPlatforms) = preSolution
		Debug|Any CPU = Debug|Any CPU
		Release|Any CPU = Release|Any CPU
	EndGlobalSection
	GlobalSection(ProjectConfigurationPlatforms) = postSolution
		{685C06FA-0527-4388-A5B3-47098A8473DD}.Debug|Any CPU.ActiveCfg = Debug|Any CPU
		{685C06FA-0527-4388-A5B3-47098A8473DD}.Debug|Any CPU.Build.0 = Debug|Any CPU
		{685C06FA-0527-4388-A5B3-47098A8473DD}.Release|Any CPU.ActiveCfg = Release|Any CPU
		{685C06FA-0527-4388-A5B3-47098A8473DD}.Release|Any CPU.Build.0 = Release|Any CPU
	EndGlobalSection
	GlobalSection(SolutionProperties) = preSolution
		HideSolutionNode = FALSE
	EndGlobalSection
	GlobalSection(ExtensibilityGlobals) = postSolution
		SolutionGuid = {732B390C-E65F-4480-B9B1-C9830B45E5C4}
	EndGlobalSection
EndGlobal
